// !$*UTF8*$!
{
	archiveVersion = 1;
	classes = {
	};
	objectVersion = 55;
	objects = {

/* Begin PBXBuildFile section */
		AD001D5E281053EF00594EBA /* Tests_iOS.swift in Sources */ = {isa = PBXBuildFile; fileRef = AD001D5D281053EF00594EBA /* Tests_iOS.swift */; };
		AD001D60281053EF00594EBA /* Tests_iOSLaunchTests.swift in Sources */ = {isa = PBXBuildFile; fileRef = AD001D5F281053EF00594EBA /* Tests_iOSLaunchTests.swift */; };
		AD001D6A281053EF00594EBA /* Tests_macOS.swift in Sources */ = {isa = PBXBuildFile; fileRef = AD001D69281053EF00594EBA /* Tests_macOS.swift */; };
		AD001D6C281053EF00594EBA /* Tests_macOSLaunchTests.swift in Sources */ = {isa = PBXBuildFile; fileRef = AD001D6B281053EF00594EBA /* Tests_macOSLaunchTests.swift */; };
		AD001D6D281053EF00594EBA /* easyreceiptApp.swift in Sources */ = {isa = PBXBuildFile; fileRef = AD001D45281053EE00594EBA /* easyreceiptApp.swift */; };
		AD001D6E281053EF00594EBA /* easyreceiptApp.swift in Sources */ = {isa = PBXBuildFile; fileRef = AD001D45281053EE00594EBA /* easyreceiptApp.swift */; };
		AD001D6F281053EF00594EBA /* ContentView.swift in Sources */ = {isa = PBXBuildFile; fileRef = AD001D46281053EE00594EBA /* ContentView.swift */; };
		AD001D70281053EF00594EBA /* ContentView.swift in Sources */ = {isa = PBXBuildFile; fileRef = AD001D46281053EE00594EBA /* ContentView.swift */; };
		AD001D71281053EF00594EBA /* Assets.xcassets in Resources */ = {isa = PBXBuildFile; fileRef = AD001D47281053EF00594EBA /* Assets.xcassets */; };
		AD001D72281053EF00594EBA /* Assets.xcassets in Resources */ = {isa = PBXBuildFile; fileRef = AD001D47281053EF00594EBA /* Assets.xcassets */; };
/* End PBXBuildFile section */

/* Begin PBXContainerItemProxy section */
		AD001D5A281053EF00594EBA /* PBXContainerItemProxy */ = {
			isa = PBXContainerItemProxy;
			containerPortal = AD001D40281053EE00594EBA /* Project object */;
			proxyType = 1;
			remoteGlobalIDString = AD001D4B281053EF00594EBA;
			remoteInfo = "easyreceipt (iOS)";
		};
		AD001D66281053EF00594EBA /* PBXContainerItemProxy */ = {
			isa = PBXContainerItemProxy;
			containerPortal = AD001D40281053EE00594EBA /* Project object */;
			proxyType = 1;
			remoteGlobalIDString = AD001D51281053EF00594EBA;
			remoteInfo = "easyreceipt (macOS)";
		};
/* End PBXContainerItemProxy section */

/* Begin PBXFileReference section */
		AD001D45281053EE00594EBA /* easyreceiptApp.swift */ = {isa = PBXFileReference; lastKnownFileType = sourcecode.swift; path = easyreceiptApp.swift; sourceTree = "<group>"; };
		AD001D46281053EE00594EBA /* ContentView.swift */ = {isa = PBXFileReference; lastKnownFileType = sourcecode.swift; path = ContentView.swift; sourceTree = "<group>"; };
		AD001D47281053EF00594EBA /* Assets.xcassets */ = {isa = PBXFileReference; lastKnownFileType = folder.assetcatalog; path = Assets.xcassets; sourceTree = "<group>"; };
		AD001D4C281053EF00594EBA /* easyreceipt.app */ = {isa = PBXFileReference; explicitFileType = wrapper.application; includeInIndex = 0; path = easyreceipt.app; sourceTree = BUILT_PRODUCTS_DIR; };
		AD001D52281053EF00594EBA /* easyreceipt.app */ = {isa = PBXFileReference; explicitFileType = wrapper.application; includeInIndex = 0; path = easyreceipt.app; sourceTree = BUILT_PRODUCTS_DIR; };
		AD001D54281053EF00594EBA /* macOS.entitlements */ = {isa = PBXFileReference; lastKnownFileType = text.plist.entitlements; path = macOS.entitlements; sourceTree = "<group>"; };
		AD001D59281053EF00594EBA /* Tests iOS.xctest */ = {isa = PBXFileReference; explicitFileType = wrapper.cfbundle; includeInIndex = 0; path = "Tests iOS.xctest"; sourceTree = BUILT_PRODUCTS_DIR; };
		AD001D5D281053EF00594EBA /* Tests_iOS.swift */ = {isa = PBXFileReference; lastKnownFileType = sourcecode.swift; path = Tests_iOS.swift; sourceTree = "<group>"; };
		AD001D5F281053EF00594EBA /* Tests_iOSLaunchTests.swift */ = {isa = PBXFileReference; lastKnownFileType = sourcecode.swift; path = Tests_iOSLaunchTests.swift; sourceTree = "<group>"; };
		AD001D65281053EF00594EBA /* Tests macOS.xctest */ = {isa = PBXFileReference; explicitFileType = wrapper.cfbundle; includeInIndex = 0; path = "Tests macOS.xctest"; sourceTree = BUILT_PRODUCTS_DIR; };
		AD001D69281053EF00594EBA /* Tests_macOS.swift */ = {isa = PBXFileReference; lastKnownFileType = sourcecode.swift; path = Tests_macOS.swift; sourceTree = "<group>"; };
		AD001D6B281053EF00594EBA /* Tests_macOSLaunchTests.swift */ = {isa = PBXFileReference; lastKnownFileType = sourcecode.swift; path = Tests_macOSLaunchTests.swift; sourceTree = "<group>"; };
/* End PBXFileReference section */

/* Begin PBXFrameworksBuildPhase section */
		AD001D49281053EF00594EBA /* Frameworks */ = {
			isa = PBXFrameworksBuildPhase;
			buildActionMask = 2147483647;
			files = (
			);
			runOnlyForDeploymentPostprocessing = 0;
		};
		AD001D4F281053EF00594EBA /* Frameworks */ = {
			isa = PBXFrameworksBuildPhase;
			buildActionMask = 2147483647;
			files = (
			);
			runOnlyForDeploymentPostprocessing = 0;
		};
		AD001D56281053EF00594EBA /* Frameworks */ = {
			isa = PBXFrameworksBuildPhase;
			buildActionMask = 2147483647;
			files = (
			);
			runOnlyForDeploymentPostprocessing = 0;
		};
		AD001D62281053EF00594EBA /* Frameworks */ = {
			isa = PBXFrameworksBuildPhase;
			buildActionMask = 2147483647;
			files = (
			);
			runOnlyForDeploymentPostprocessing = 0;
		};
/* End PBXFrameworksBuildPhase section */

/* Begin PBXGroup section */
		AD001D3F281053EE00594EBA = {
			isa = PBXGroup;
			children = (
				AD001D44281053EE00594EBA /* Shared */,
				AD001D53281053EF00594EBA /* macOS */,
				AD001D5C281053EF00594EBA /* Tests iOS */,
				AD001D68281053EF00594EBA /* Tests macOS */,
				AD001D4D281053EF00594EBA /* Products */,
			);
			sourceTree = "<group>";
		};
		AD001D44281053EE00594EBA /* Shared */ = {
			isa = PBXGroup;
			children = (
				AD001D45281053EE00594EBA /* easyreceiptApp.swift */,
				AD001D46281053EE00594EBA /* ContentView.swift */,
				AD001D47281053EF00594EBA /* Assets.xcassets */,
			);
			path = Shared;
			sourceTree = "<group>";
		};
		AD001D4D281053EF00594EBA /* Products */ = {
			isa = PBXGroup;
			children = (
				AD001D4C281053EF00594EBA /* easyreceipt.app */,
				AD001D52281053EF00594EBA /* easyreceipt.app */,
				AD001D59281053EF00594EBA /* Tests iOS.xctest */,
				AD001D65281053EF00594EBA /* Tests macOS.xctest */,
			);
			name = Products;
			sourceTree = "<group>";
		};
		AD001D53281053EF00594EBA /* macOS */ = {
			isa = PBXGroup;
			children = (
				AD001D54281053EF00594EBA /* macOS.entitlements */,
			);
			path = macOS;
			sourceTree = "<group>";
		};
		AD001D5C281053EF00594EBA /* Tests iOS */ = {
			isa = PBXGroup;
			children = (
				AD001D5D281053EF00594EBA /* Tests_iOS.swift */,
				AD001D5F281053EF00594EBA /* Tests_iOSLaunchTests.swift */,
			);
			path = "Tests iOS";
			sourceTree = "<group>";
		};
		AD001D68281053EF00594EBA /* Tests macOS */ = {
			isa = PBXGroup;
			children = (
				AD001D69281053EF00594EBA /* Tests_macOS.swift */,
				AD001D6B281053EF00594EBA /* Tests_macOSLaunchTests.swift */,
			);
			path = "Tests macOS";
			sourceTree = "<group>";
		};
/* End PBXGroup section */

/* Begin PBXNativeTarget section */
		AD001D4B281053EF00594EBA /* easyreceipt (iOS) */ = {
			isa = PBXNativeTarget;
			buildConfigurationList = AD001D75281053EF00594EBA /* Build configuration list for PBXNativeTarget "easyreceipt (iOS)" */;
			buildPhases = (
				AD001D48281053EF00594EBA /* Sources */,
				AD001D49281053EF00594EBA /* Frameworks */,
				AD001D4A281053EF00594EBA /* Resources */,
			);
			buildRules = (
			);
			dependencies = (
			);
			name = "easyreceipt (iOS)";
			productName = "easyreceipt (iOS)";
			productReference = AD001D4C281053EF00594EBA /* easyreceipt.app */;
			productType = "com.apple.product-type.application";
		};
		AD001D51281053EF00594EBA /* easyreceipt (macOS) */ = {
			isa = PBXNativeTarget;
			buildConfigurationList = AD001D78281053EF00594EBA /* Build configuration list for PBXNativeTarget "easyreceipt (macOS)" */;
			buildPhases = (
				AD001D4E281053EF00594EBA /* Sources */,
				AD001D4F281053EF00594EBA /* Frameworks */,
				AD001D50281053EF00594EBA /* Resources */,
			);
			buildRules = (
			);
			dependencies = (
			);
			name = "easyreceipt (macOS)";
			productName = "easyreceipt (macOS)";
			productReference = AD001D52281053EF00594EBA /* easyreceipt.app */;
			productType = "com.apple.product-type.application";
		};
		AD001D58281053EF00594EBA /* Tests iOS */ = {
			isa = PBXNativeTarget;
			buildConfigurationList = AD001D7B281053EF00594EBA /* Build configuration list for PBXNativeTarget "Tests iOS" */;
			buildPhases = (
				AD001D55281053EF00594EBA /* Sources */,
				AD001D56281053EF00594EBA /* Frameworks */,
				AD001D57281053EF00594EBA /* Resources */,
			);
			buildRules = (
			);
			dependencies = (
				AD001D5B281053EF00594EBA /* PBXTargetDependency */,
			);
			name = "Tests iOS";
			productName = "Tests iOS";
			productReference = AD001D59281053EF00594EBA /* Tests iOS.xctest */;
			productType = "com.apple.product-type.bundle.ui-testing";
		};
		AD001D64281053EF00594EBA /* Tests macOS */ = {
			isa = PBXNativeTarget;
			buildConfigurationList = AD001D7E281053EF00594EBA /* Build configuration list for PBXNativeTarget "Tests macOS" */;
			buildPhases = (
				AD001D61281053EF00594EBA /* Sources */,
				AD001D62281053EF00594EBA /* Frameworks */,
				AD001D63281053EF00594EBA /* Resources */,
			);
			buildRules = (
			);
			dependencies = (
				AD001D67281053EF00594EBA /* PBXTargetDependency */,
			);
			name = "Tests macOS";
			productName = "Tests macOS";
			productReference = AD001D65281053EF00594EBA /* Tests macOS.xctest */;
			productType = "com.apple.product-type.bundle.ui-testing";
		};
/* End PBXNativeTarget section */

/* Begin PBXProject section */
		AD001D40281053EE00594EBA /* Project object */ = {
			isa = PBXProject;
			attributes = {
				BuildIndependentTargetsInParallel = 1;
				LastSwiftUpdateCheck = 1330;
				LastUpgradeCheck = 1330;
				TargetAttributes = {
					AD001D4B281053EF00594EBA = {
						CreatedOnToolsVersion = 13.3;
					};
					AD001D51281053EF00594EBA = {
						CreatedOnToolsVersion = 13.3;
					};
					AD001D58281053EF00594EBA = {
						CreatedOnToolsVersion = 13.3;
						TestTargetID = AD001D4B281053EF00594EBA;
					};
					AD001D64281053EF00594EBA = {
						CreatedOnToolsVersion = 13.3;
						TestTargetID = AD001D51281053EF00594EBA;
					};
				};
			};
			buildConfigurationList = AD001D43281053EE00594EBA /* Build configuration list for PBXProject "easyreceipt" */;
			compatibilityVersion = "Xcode 13.0";
			developmentRegion = en;
			hasScannedForEncodings = 0;
			knownRegions = (
				en,
				Base,
			);
			mainGroup = AD001D3F281053EE00594EBA;
			productRefGroup = AD001D4D281053EF00594EBA /* Products */;
			projectDirPath = "";
			projectRoot = "";
			targets = (
				AD001D4B281053EF00594EBA /* easyreceipt (iOS) */,
				AD001D51281053EF00594EBA /* easyreceipt (macOS) */,
				AD001D58281053EF00594EBA /* Tests iOS */,
				AD001D64281053EF00594EBA /* Tests macOS */,
			);
		};
/* End PBXProject section */

/* Begin PBXResourcesBuildPhase section */
		AD001D4A281053EF00594EBA /* Resources */ = {
			isa = PBXResourcesBuildPhase;
			buildActionMask = 2147483647;
			files = (
				AD001D71281053EF00594EBA /* Assets.xcassets in Resources */,
			);
			runOnlyForDeploymentPostprocessing = 0;
		};
		AD001D50281053EF00594EBA /* Resources */ = {
			isa = PBXResourcesBuildPhase;
			buildActionMask = 2147483647;
			files = (
				AD001D72281053EF00594EBA /* Assets.xcassets in Resources */,
			);
			runOnlyForDeploymentPostprocessing = 0;
		};
		AD001D57281053EF00594EBA /* Resources */ = {
			isa = PBXResourcesBuildPhase;
			buildActionMask = 2147483647;
			files = (
			);
			runOnlyForDeploymentPostprocessing = 0;
		};
		AD001D63281053EF00594EBA /* Resources */ = {
			isa = PBXResourcesBuildPhase;
			buildActionMask = 2147483647;
			files = (
			);
			runOnlyForDeploymentPostprocessing = 0;
		};
/* End PBXResourcesBuildPhase section */

/* Begin PBXSourcesBuildPhase section */
		AD001D48281053EF00594EBA /* Sources */ = {
			isa = PBXSourcesBuildPhase;
			buildActionMask = 2147483647;
			files = (
				AD001D6F281053EF00594EBA /* ContentView.swift in Sources */,
				AD001D6D281053EF00594EBA /* easyreceiptApp.swift in Sources */,
			);
			runOnlyForDeploymentPostprocessing = 0;
		};
		AD001D4E281053EF00594EBA /* Sources */ = {
			isa = PBXSourcesBuildPhase;
			buildActionMask = 2147483647;
			files = (
				AD001D70281053EF00594EBA /* ContentView.swift in Sources */,
				AD001D6E281053EF00594EBA /* easyreceiptApp.swift in Sources */,
			);
			runOnlyForDeploymentPostprocessing = 0;
		};
		AD001D55281053EF00594EBA /* Sources */ = {
			isa = PBXSourcesBuildPhase;
			buildActionMask = 2147483647;
			files = (
				AD001D60281053EF00594EBA /* Tests_iOSLaunchTests.swift in Sources */,
				AD001D5E281053EF00594EBA /* Tests_iOS.swift in Sources */,
			);
			runOnlyForDeploymentPostprocessing = 0;
		};
		AD001D61281053EF00594EBA /* Sources */ = {
			isa = PBXSourcesBuildPhase;
			buildActionMask = 2147483647;
			files = (
				AD001D6C281053EF00594EBA /* Tests_macOSLaunchTests.swift in Sources */,
				AD001D6A281053EF00594EBA /* Tests_macOS.swift in Sources */,
			);
			runOnlyForDeploymentPostprocessing = 0;
		};
/* End PBXSourcesBuildPhase section */

/* Begin PBXTargetDependency section */
		AD001D5B281053EF00594EBA /* PBXTargetDependency */ = {
			isa = PBXTargetDependency;
			target = AD001D4B281053EF00594EBA /* easyreceipt (iOS) */;
			targetProxy = AD001D5A281053EF00594EBA /* PBXContainerItemProxy */;
		};
		AD001D67281053EF00594EBA /* PBXTargetDependency */ = {
			isa = PBXTargetDependency;
			target = AD001D51281053EF00594EBA /* easyreceipt (macOS) */;
			targetProxy = AD001D66281053EF00594EBA /* PBXContainerItemProxy */;
		};
/* End PBXTargetDependency section */

/* Begin XCBuildConfiguration section */
		AD001D73281053EF00594EBA /* Debug */ = {
			isa = XCBuildConfiguration;
			buildSettings = {
				ALWAYS_SEARCH_USER_PATHS = NO;
				CLANG_ANALYZER_NONNULL = YES;
				CLANG_ANALYZER_NUMBER_OBJECT_CONVERSION = YES_AGGRESSIVE;
				CLANG_CXX_LANGUAGE_STANDARD = "gnu++17";
				CLANG_ENABLE_MODULES = YES;
				CLANG_ENABLE_OBJC_ARC = YES;
				CLANG_ENABLE_OBJC_WEAK = YES;
				CLANG_WARN_BLOCK_CAPTURE_AUTORELEASING = YES;
				CLANG_WARN_BOOL_CONVERSION = YES;
				CLANG_WARN_COMMA = YES;
				CLANG_WARN_CONSTANT_CONVERSION = YES;
				CLANG_WARN_DEPRECATED_OBJC_IMPLEMENTATIONS = YES;
				CLANG_WARN_DIRECT_OBJC_ISA_USAGE = YES_ERROR;
				CLANG_WARN_DOCUMENTATION_COMMENTS = YES;
				CLANG_WARN_EMPTY_BODY = YES;
				CLANG_WARN_ENUM_CONVERSION = YES;
				CLANG_WARN_INFINITE_RECURSION = YES;
				CLANG_WARN_INT_CONVERSION = YES;
				CLANG_WARN_NON_LITERAL_NULL_CONVERSION = YES;
				CLANG_WARN_OBJC_IMPLICIT_RETAIN_SELF = YES;
				CLANG_WARN_OBJC_LITERAL_CONVERSION = YES;
				CLANG_WARN_OBJC_ROOT_CLASS = YES_ERROR;
				CLANG_WARN_QUOTED_INCLUDE_IN_FRAMEWORK_HEADER = YES;
				CLANG_WARN_RANGE_LOOP_ANALYSIS = YES;
				CLANG_WARN_STRICT_PROTOTYPES = YES;
				CLANG_WARN_SUSPICIOUS_MOVE = YES;
				CLANG_WARN_UNGUARDED_AVAILABILITY = YES_AGGRESSIVE;
				CLANG_WARN_UNREACHABLE_CODE = YES;
				CLANG_WARN__DUPLICATE_METHOD_MATCH = YES;
				COPY_PHASE_STRIP = NO;
				DEBUG_INFORMATION_FORMAT = dwarf;
				ENABLE_STRICT_OBJC_MSGSEND = YES;
				ENABLE_TESTABILITY = YES;
				GCC_C_LANGUAGE_STANDARD = gnu11;
				GCC_DYNAMIC_NO_PIC = NO;
				GCC_NO_COMMON_BLOCKS = YES;
				GCC_OPTIMIZATION_LEVEL = 0;
				GCC_PREPROCESSOR_DEFINITIONS = (
					"DEBUG=1",
					"$(inherited)",
				);
				GCC_WARN_64_TO_32_BIT_CONVERSION = YES;
				GCC_WARN_ABOUT_RETURN_TYPE = YES_ERROR;
				GCC_WARN_UNDECLARED_SELECTOR = YES;
				GCC_WARN_UNINITIALIZED_AUTOS = YES_AGGRESSIVE;
				GCC_WARN_UNUSED_FUNCTION = YES;
				GCC_WARN_UNUSED_VARIABLE = YES;
				MTL_ENABLE_DEBUG_INFO = INCLUDE_SOURCE;
				MTL_FAST_MATH = YES;
				ONLY_ACTIVE_ARCH = YES;
				SWIFT_ACTIVE_COMPILATION_CONDITIONS = DEBUG;
				SWIFT_OPTIMIZATION_LEVEL = "-Onone";
			};
			name = Debug;
		};
		AD001D74281053EF00594EBA /* Release */ = {
			isa = XCBuildConfiguration;
			buildSettings = {
				ALWAYS_SEARCH_USER_PATHS = NO;
				CLANG_ANALYZER_NONNULL = YES;
				CLANG_ANALYZER_NUMBER_OBJECT_CONVERSION = YES_AGGRESSIVE;
				CLANG_CXX_LANGUAGE_STANDARD = "gnu++17";
				CLANG_ENABLE_MODULES = YES;
				CLANG_ENABLE_OBJC_ARC = YES;
				CLANG_ENABLE_OBJC_WEAK = YES;
				CLANG_WARN_BLOCK_CAPTURE_AUTORELEASING = YES;
				CLANG_WARN_BOOL_CONVERSION = YES;
				CLANG_WARN_COMMA = YES;
				CLANG_WARN_CONSTANT_CONVERSION = YES;
				CLANG_WARN_DEPRECATED_OBJC_IMPLEMENTATIONS = YES;
				CLANG_WARN_DIRECT_OBJC_ISA_USAGE = YES_ERROR;
				CLANG_WARN_DOCUMENTATION_COMMENTS = YES;
				CLANG_WARN_EMPTY_BODY = YES;
				CLANG_WARN_ENUM_CONVERSION = YES;
				CLANG_WARN_INFINITE_RECURSION = YES;
				CLANG_WARN_INT_CONVERSION = YES;
				CLANG_WARN_NON_LITERAL_NULL_CONVERSION = YES;
				CLANG_WARN_OBJC_IMPLICIT_RETAIN_SELF = YES;
				CLANG_WARN_OBJC_LITERAL_CONVERSION = YES;
				CLANG_WARN_OBJC_ROOT_CLASS = YES_ERROR;
				CLANG_WARN_QUOTED_INCLUDE_IN_FRAMEWORK_HEADER = YES;
				CLANG_WARN_RANGE_LOOP_ANALYSIS = YES;
				CLANG_WARN_STRICT_PROTOTYPES = YES;
				CLANG_WARN_SUSPICIOUS_MOVE = YES;
				CLANG_WARN_UNGUARDED_AVAILABILITY = YES_AGGRESSIVE;
				CLANG_WARN_UNREACHABLE_CODE = YES;
				CLANG_WARN__DUPLICATE_METHOD_MATCH = YES;
				COPY_PHASE_STRIP = NO;
				DEBUG_INFORMATION_FORMAT = "dwarf-with-dsym";
				ENABLE_NS_ASSERTIONS = NO;
				ENABLE_STRICT_OBJC_MSGSEND = YES;
				GCC_C_LANGUAGE_STANDARD = gnu11;
				GCC_NO_COMMON_BLOCKS = YES;
				GCC_WARN_64_TO_32_BIT_CONVERSION = YES;
				GCC_WARN_ABOUT_RETURN_TYPE = YES_ERROR;
				GCC_WARN_UNDECLARED_SELECTOR = YES;
				GCC_WARN_UNINITIALIZED_AUTOS = YES_AGGRESSIVE;
				GCC_WARN_UNUSED_FUNCTION = YES;
				GCC_WARN_UNUSED_VARIABLE = YES;
				MTL_ENABLE_DEBUG_INFO = NO;
				MTL_FAST_MATH = YES;
				SWIFT_COMPILATION_MODE = wholemodule;
				SWIFT_OPTIMIZATION_LEVEL = "-O";
			};
			name = Release;
		};
		AD001D76281053EF00594EBA /* Debug */ = {
			isa = XCBuildConfiguration;
			buildSettings = {
				ASSETCATALOG_COMPILER_APPICON_NAME = AppIcon;
				ASSETCATALOG_COMPILER_GLOBAL_ACCENT_COLOR_NAME = AccentColor;
				CODE_SIGN_STYLE = Automatic;
				CURRENT_PROJECT_VERSION = 1;
				ENABLE_PREVIEWS = YES;
				GENERATE_INFOPLIST_FILE = YES;
				INFOPLIST_KEY_UIApplicationSceneManifest_Generation = YES;
				INFOPLIST_KEY_UIApplicationSupportsIndirectInputEvents = YES;
				INFOPLIST_KEY_UILaunchScreen_Generation = YES;
				INFOPLIST_KEY_UISupportedInterfaceOrientations_iPad = "UIInterfaceOrientationPortrait UIInterfaceOrientationPortraitUpsideDown UIInterfaceOrientationLandscapeLeft UIInterfaceOrientationLandscapeRight";
				INFOPLIST_KEY_UISupportedInterfaceOrientations_iPhone = "UIInterfaceOrientationPortrait UIInterfaceOrientationLandscapeLeft UIInterfaceOrientationLandscapeRight";
				IPHONEOS_DEPLOYMENT_TARGET = 15.4;
				LD_RUNPATH_SEARCH_PATHS = (
					"$(inherited)",
					"@executable_path/Frameworks",
				);
				MARKETING_VERSION = 1.0;
				PRODUCT_BUNDLE_IDENTIFIER = easycloud.easyreceipt;
				PRODUCT_NAME = easyreceipt;
				SDKROOT = iphoneos;
				SWIFT_EMIT_LOC_STRINGS = YES;
				SWIFT_VERSION = 5.0;
				TARGETED_DEVICE_FAMILY = "1,2";
			};
			name = Debug;
		};
		AD001D77281053EF00594EBA /* Release */ = {
			isa = XCBuildConfiguration;
			buildSettings = {
				ASSETCATALOG_COMPILER_APPICON_NAME = AppIcon;
				ASSETCATALOG_COMPILER_GLOBAL_ACCENT_COLOR_NAME = AccentColor;
				CODE_SIGN_STYLE = Automatic;
				CURRENT_PROJECT_VERSION = 1;
				ENABLE_PREVIEWS = YES;
				GENERATE_INFOPLIST_FILE = YES;
				INFOPLIST_KEY_UIApplicationSceneManifest_Generation = YES;
				INFOPLIST_KEY_UIApplicationSupportsIndirectInputEvents = YES;
				INFOPLIST_KEY_UILaunchScreen_Generation = YES;
				INFOPLIST_KEY_UISupportedInterfaceOrientations_iPad = "UIInterfaceOrientationPortrait UIInterfaceOrientationPortraitUpsideDown UIInterfaceOrientationLandscapeLeft UIInterfaceOrientationLandscapeRight";
				INFOPLIST_KEY_UISupportedInterfaceOrientations_iPhone = "UIInterfaceOrientationPortrait UIInterfaceOrientationLandscapeLeft UIInterfaceOrientationLandscapeRight";
				IPHONEOS_DEPLOYMENT_TARGET = 15.4;
				LD_RUNPATH_SEARCH_PATHS = (
					"$(inherited)",
					"@executable_path/Frameworks",
				);
				MARKETING_VERSION = 1.0;
				PRODUCT_BUNDLE_IDENTIFIER = easycloud.easyreceipt;
				PRODUCT_NAME = easyreceipt;
				SDKROOT = iphoneos;
				SWIFT_EMIT_LOC_STRINGS = YES;
				SWIFT_VERSION = 5.0;
				TARGETED_DEVICE_FAMILY = "1,2";
				VALIDATE_PRODUCT = YES;
			};
			name = Release;
		};
		AD001D79281053EF00594EBA /* Debug */ = {
			isa = XCBuildConfiguration;
			buildSettings = {
				ASSETCATALOG_COMPILER_APPICON_NAME = AppIcon;
				ASSETCATALOG_COMPILER_GLOBAL_ACCENT_COLOR_NAME = AccentColor;
				CODE_SIGN_ENTITLEMENTS = macOS/macOS.entitlements;
				CODE_SIGN_STYLE = Automatic;
				COMBINE_HIDPI_IMAGES = YES;
				CURRENT_PROJECT_VERSION = 1;
				ENABLE_PREVIEWS = YES;
				GENERATE_INFOPLIST_FILE = YES;
				INFOPLIST_KEY_NSHumanReadableCopyright = "";
				LD_RUNPATH_SEARCH_PATHS = (
					"$(inherited)",
					"@executable_path/../Frameworks",
				);
				MACOSX_DEPLOYMENT_TARGET = 12.3;
				MARKETING_VERSION = 1.0;
				PRODUCT_BUNDLE_IDENTIFIER = easycloud.easyreceipt;
				PRODUCT_NAME = easyreceipt;
				SDKROOT = macosx;
				SWIFT_EMIT_LOC_STRINGS = YES;
				SWIFT_VERSION = 5.0;
			};
			name = Debug;
		};
		AD001D7A281053EF00594EBA /* Release */ = {
			isa = XCBuildConfiguration;
			buildSettings = {
				ASSETCATALOG_COMPILER_APPICON_NAME = AppIcon;
				ASSETCATALOG_COMPILER_GLOBAL_ACCENT_COLOR_NAME = AccentColor;
				CODE_SIGN_ENTITLEMENTS = macOS/macOS.entitlements;
				CODE_SIGN_STYLE = Automatic;
				COMBINE_HIDPI_IMAGES = YES;
				CURRENT_PROJECT_VERSION = 1;
				ENABLE_PREVIEWS = YES;
				GENERATE_INFOPLIST_FILE = YES;
				INFOPLIST_KEY_NSHumanReadableCopyright = "";
				LD_RUNPATH_SEARCH_PATHS = (
					"$(inherited)",
					"@executable_path/../Frameworks",
				);
				MACOSX_DEPLOYMENT_TARGET = 12.3;
				MARKETING_VERSION = 1.0;
				PRODUCT_BUNDLE_IDENTIFIER = easycloud.easyreceipt;
				PRODUCT_NAME = easyreceipt;
				SDKROOT = macosx;
				SWIFT_EMIT_LOC_STRINGS = YES;
				SWIFT_VERSION = 5.0;
			};
			name = Release;
		};
		AD001D7C281053EF00594EBA /* Debug */ = {
			isa = XCBuildConfiguration;
			buildSettings = {
				ALWAYS_EMBED_SWIFT_STANDARD_LIBRARIES = YES;
				CODE_SIGN_STYLE = Automatic;
				CURRENT_PROJECT_VERSION = 1;
				GENERATE_INFOPLIST_FILE = YES;
				IPHONEOS_DEPLOYMENT_TARGET = 15.4;
				MARKETING_VERSION = 1.0;
				PRODUCT_BUNDLE_IDENTIFIER = "easycloud.Tests-iOS";
				PRODUCT_NAME = "$(TARGET_NAME)";
				SDKROOT = iphoneos;
				SWIFT_EMIT_LOC_STRINGS = NO;
				SWIFT_VERSION = 5.0;
				TARGETED_DEVICE_FAMILY = "1,2";
				TEST_TARGET_NAME = "easyreceipt (iOS)";
			};
			name = Debug;
		};
		AD001D7D281053EF00594EBA /* Release */ = {
			isa = XCBuildConfiguration;
			buildSettings = {
				ALWAYS_EMBED_SWIFT_STANDARD_LIBRARIES = YES;
				CODE_SIGN_STYLE = Automatic;
				CURRENT_PROJECT_VERSION = 1;
				GENERATE_INFOPLIST_FILE = YES;
				IPHONEOS_DEPLOYMENT_TARGET = 15.4;
				MARKETING_VERSION = 1.0;
				PRODUCT_BUNDLE_IDENTIFIER = "easycloud.Tests-iOS";
				PRODUCT_NAME = "$(TARGET_NAME)";
				SDKROOT = iphoneos;
				SWIFT_EMIT_LOC_STRINGS = NO;
				SWIFT_VERSION = 5.0;
				TARGETED_DEVICE_FAMILY = "1,2";
				TEST_TARGET_NAME = "easyreceipt (iOS)";
				VALIDATE_PRODUCT = YES;
			};
			name = Release;
		};
		AD001D7F281053EF00594EBA /* Debug */ = {
			isa = XCBuildConfiguration;
			buildSettings = {
				ALWAYS_EMBED_SWIFT_STANDARD_LIBRARIES = YES;
				CODE_SIGN_STYLE = Automatic;
				CURRENT_PROJECT_VERSION = 1;
				GENERATE_INFOPLIST_FILE = YES;
				MACOSX_DEPLOYMENT_TARGET = 12.3;
				MARKETING_VERSION = 1.0;
				PRODUCT_BUNDLE_IDENTIFIER = "easycloud.Tests-macOS";
				PRODUCT_NAME = "$(TARGET_NAME)";
				SDKROOT = macosx;
				SWIFT_EMIT_LOC_STRINGS = NO;
				SWIFT_VERSION = 5.0;
				TEST_TARGET_NAME = "easyreceipt (macOS)";
			};
			name = Debug;
		};
		AD001D80281053EF00594EBA /* Release */ = {
			isa = XCBuildConfiguration;
			buildSettings = {
				ALWAYS_EMBED_SWIFT_STANDARD_LIBRARIES = YES;
				CODE_SIGN_STYLE = Automatic;
				CURRENT_PROJECT_VERSION = 1;
				GENERATE_INFOPLIST_FILE = YES;
				MACOSX_DEPLOYMENT_TARGET = 12.3;
				MARKETING_VERSION = 1.0;
				PRODUCT_BUNDLE_IDENTIFIER = "easycloud.Tests-macOS";
				PRODUCT_NAME = "$(TARGET_NAME)";
				SDKROOT = macosx;
				SWIFT_EMIT_LOC_STRINGS = NO;
				SWIFT_VERSION = 5.0;
				TEST_TARGET_NAME = "easyreceipt (macOS)";
			};
			name = Release;
		};
/* End XCBuildConfiguration section */

/* Begin XCConfigurationList section */
		AD001D43281053EE00594EBA /* Build configuration list for PBXProject "easyreceipt" */ = {
			isa = XCConfigurationList;
			buildConfigurations = (
				AD001D73281053EF00594EBA /* Debug */,
				AD001D74281053EF00594EBA /* Release */,
			);
			defaultConfigurationIsVisible = 0;
			defaultConfigurationName = Release;
		};
		AD001D75281053EF00594EBA /* Build configuration list for PBXNativeTarget "easyreceipt (iOS)" */ = {
			isa = XCConfigurationList;
			buildConfigurations = (
				AD001D76281053EF00594EBA /* Debug */,
				AD001D77281053EF00594EBA /* Release */,
			);
			defaultConfigurationIsVisible = 0;
			defaultConfigurationName = Release;
		};
		AD001D78281053EF00594EBA /* Build configuration list for PBXNativeTarget "easyreceipt (macOS)" */ = {
			isa = XCConfigurationList;
			buildConfigurations = (
				AD001D79281053EF00594EBA /* Debug */,
				AD001D7A281053EF00594EBA /* Release */,
			);
			defaultConfigurationIsVisible = 0;
			defaultConfigurationName = Release;
		};
		AD001D7B281053EF00594EBA /* Build configuration list for PBXNativeTarget "Tests iOS" */ = {
			isa = XCConfigurationList;
			buildConfigurations = (
				AD001D7C281053EF00594EBA /* Debug */,
				AD001D7D281053EF00594EBA /* Release */,
			);
			defaultConfigurationIsVisible = 0;
			defaultConfigurationName = Release;
		};
		AD001D7E281053EF00594EBA /* Build configuration list for PBXNativeTarget "Tests macOS" */ = {
			isa = XCConfigurationList;
			buildConfigurations = (
				AD001D7F281053EF00594EBA /* Debug */,
				AD001D80281053EF00594EBA /* Release */,
			);
			defaultConfigurationIsVisible = 0;
			defaultConfigurationName = Release;
		};
/* End XCConfigurationList section */
	};
	rootObject = AD001D40281053EE00594EBA /* Project object */;
}
